
Microsoft Visual Studio Solution File, Format Version 12.00
# Visual Studio Version 16
VisualStudioVersion = 16.0.31129.286
MinimumVisualStudioVersion = 10.0.40219.1
Project("{FAE04EC0-301F-11D3-BF4B-00C04F79EFBC}") = "TeammateCommunication", "TeammateCommunication\TeammateCommunication.csproj", "{F81FF10D-D8C0-4CCC-92BA-B45E2A310B52}"
EndProject
Global
	GlobalSection(SolutionConfigurationPlatforms) = preSolution
		Debug|Any CPU = Debug|Any CPU
		Release|Any CPU = Release|Any CPU
	EndGlobalSection
	GlobalSection(ProjectConfigurationPlatforms) = postSolution
		{F81FF10D-D8C0-4CCC-92BA-B45E2A310B52}.Debug|Any CPU.ActiveCfg = Debug|Any CPU
		{F81FF10D-D8C0-4CCC-92BA-B45E2A310B52}.Debug|Any CPU.Build.0 = Debug|Any CPU
		{F81FF10D-D8C0-4CCC-92BA-B45E2A310B52}.Release|Any CPU.ActiveCfg = Release|Any CPU
		{F81FF10D-D8C0-4CCC-92BA-B45E2A310B52}.Release|Any CPU.Build.0 = Release|Any CPU
	EndGlobalSection
	GlobalSection(SolutionProperties) = preSolution
		HideSolutionNode = FALSE
	EndGlobalSection
	GlobalSection(ExtensibilityGlobals) = postSolution
		SolutionGuid = {E6529657-AEEE-4532-ABBE-CFB68A395D58}
	EndGlobalSection
EndGlobal
